{
  "version": "5",
  "specifiers": {
    "jsr:@hoshimei/hoshimi-types@2.15.1": "2.15.1",
    "jsr:@oak/commons@1": "1.0.1",
    "jsr:@oak/oak@^17.2.0": "17.2.0",
    "jsr:@std/assert@1": "1.0.16",
    "jsr:@std/bytes@1": "1.0.6",
    "jsr:@std/crypto@*": "1.0.5",
    "jsr:@std/crypto@1": "1.0.5",
    "jsr:@std/encoding@*": "1.0.10",
    "jsr:@std/encoding@1": "1.0.10",
    "jsr:@std/encoding@^1.0.10": "1.0.10",
    "jsr:@std/http@1": "1.0.23",
    "jsr:@std/internal@^1.0.12": "1.0.12",
    "jsr:@std/media-types@1": "1.1.0",
    "jsr:@std/path@1": "1.1.4",
    "npm:@sentry/deno@10.32.1": "10.32.1",
    "npm:@types/node@*": "22.15.15",
    "npm:lodash@4.17.21": "4.17.21",
    "npm:mongodb@7.0.0": "7.0.0",
    "npm:path-to-regexp@^6.3.0": "6.3.0"
  },
  "jsr": {
    "@hoshimei/hoshimi-types@2.15.1": {
      "integrity": "f1d26ff3bd5920428adcf6bd64a0bd13f7098798ff5488b2c2e17bf6f54fef03"
    },
    "@oak/commons@1.0.1": {
      "integrity": "889ff210f0b4292591721be07244ecb1b5c118742f5273c70cf30d7cd4184d0c",
      "dependencies": [
        "jsr:@std/assert",
        "jsr:@std/bytes",
        "jsr:@std/crypto@1",
        "jsr:@std/encoding@1",
        "jsr:@std/http",
        "jsr:@std/media-types"
      ]
    },
    "@oak/oak@17.2.0": {
      "integrity": "938537a92fc7922a46a9984696c65fb189c9baad164416ac3e336768a9ff0cd1",
      "dependencies": [
        "jsr:@oak/commons",
        "jsr:@std/assert",
        "jsr:@std/bytes",
        "jsr:@std/http",
        "jsr:@std/media-types",
        "jsr:@std/path",
        "npm:path-to-regexp"
      ]
    },
    "@std/assert@1.0.16": {
      "integrity": "6a7272ed1eaa77defe76e5ff63ca705d9c495077e2d5fd0126d2b53fc5bd6532"
    },
    "@std/bytes@1.0.6": {
      "integrity": "f6ac6adbd8ccd99314045f5703e23af0a68d7f7e58364b47d2c7f408aeb5820a"
    },
    "@std/crypto@1.0.5": {
      "integrity": "0dcfbb319fe0bba1bd3af904ceb4f948cde1b92979ec1614528380ed308a3b40"
    },
    "@std/encoding@1.0.10": {
      "integrity": "8783c6384a2d13abd5e9e87a7ae0520a30e9f56aeeaa3bdf910a3eaaf5c811a1"
    },
    "@std/http@1.0.23": {
      "integrity": "6634e9e034c589bf35101c1b5ee5bbf052a5987abca20f903e58bdba85c80dee",
      "dependencies": [
        "jsr:@std/encoding@^1.0.10"
      ]
    },
    "@std/internal@1.0.12": {
      "integrity": "972a634fd5bc34b242024402972cd5143eac68d8dffaca5eaa4dba30ce17b027"
    },
    "@std/media-types@1.1.0": {
      "integrity": "c9d093f0c05c3512932b330e3cc1fe1d627b301db33a4c2c2185c02471d6eaa4"
    },
    "@std/path@1.1.4": {
      "integrity": "1d2d43f39efb1b42f0b1882a25486647cb851481862dc7313390b2bb044314b5",
      "dependencies": [
        "jsr:@std/internal"
      ]
    }
  },
  "npm": {
    "@mongodb-js/saslprep@1.4.4": {
      "integrity": "sha512-p7X/ytJDIdwUfFL/CLOhKgdfJe1Fa8uw9seJYvdOmnP9JBWGWHW69HkOixXS6Wy9yvGf1MbhcS6lVmrhy4jm2g==",
      "dependencies": [
        "sparse-bitfield"
      ]
    },
    "@opentelemetry/api@1.9.0": {
      "integrity": "sha512-3giAOQvZiH5F9bMlMiv8+GSPMeqg0dbaeo58/0SlA9sxSqZhnUtxzX9/2FzyhS9sWQf5S0GJE0AKBrFqjpeYcg=="
    },
    "@sentry/core@10.32.1": {
      "integrity": "sha512-PH2ldpSJlhqsMj2vCTyU0BI2Fx1oIDhm7Izo5xFALvjVCS0gmlqHt1udu6YlKn8BtpGH6bGzssvv5APrk+OdPQ=="
    },
    "@sentry/deno@10.32.1": {
      "integrity": "sha512-pOWMtvFDQYAxbNmLgQw5ARpBBCPwRQd34kAaj+tBdhxjSsg32cVtjRpkXFIMkYth0DEbq6dLWEVL1Dgg11vlWA==",
      "dependencies": [
        "@opentelemetry/api",
        "@sentry/core"
      ]
    },
    "@types/node@22.15.15": {
      "integrity": "sha512-R5muMcZob3/Jjchn5LcO8jdKwSCbzqmPB6ruBxMcf9kbxtniZHP327s6C37iOfuw8mbKK3cAQa7sEl7afLrQ8A==",
      "dependencies": [
        "undici-types"
      ]
    },
    "@types/webidl-conversions@7.0.3": {
      "integrity": "sha512-CiJJvcRtIgzadHCYXw7dqEnMNRjhGZlYK05Mj9OyktqV8uVT8fD2BFOB7S1uwBE3Kj2Z+4UyPmFw/Ixgw/LAlA=="
    },
    "@types/whatwg-url@13.0.0": {
      "integrity": "sha512-N8WXpbE6Wgri7KUSvrmQcqrMllKZ9uxkYWMt+mCSGwNc0Hsw9VQTW7ApqI4XNrx6/SaM2QQJCzMPDEXE058s+Q==",
      "dependencies": [
        "@types/webidl-conversions"
      ]
    },
    "bson@7.0.0": {
      "integrity": "sha512-Kwc6Wh4lQ5OmkqqKhYGKIuELXl+EPYSCObVE6bWsp1T/cGkOCBN0I8wF/T44BiuhHyNi1mmKVPXk60d41xZ7kw=="
    },
    "lodash@4.17.21": {
      "integrity": "sha512-v2kDEe57lecTulaDIuNTPy3Ry4gLGJ6Z1O3vE1krgXZNrsQ+LFTGHVxVjcXPs17LhbZVGedAJv8XZ1tvj5FvSg=="
    },
    "memory-pager@1.5.0": {
      "integrity": "sha512-ZS4Bp4r/Zoeq6+NLJpP+0Zzm0pR8whtGPf1XExKLJBAczGMnSi3It14OiNCStjQjM6NU1okjQGSxgEZN8eBYKg=="
    },
    "mongodb-connection-string-url@7.0.0": {
      "integrity": "sha512-irhhjRVLE20hbkRl4zpAYLnDMM+zIZnp0IDB9akAFFUZp/3XdOfwwddc7y6cNvF2WCEtfTYRwYbIfYa2kVY0og==",
      "dependencies": [
        "@types/whatwg-url",
        "whatwg-url"
      ]
    },
    "mongodb@7.0.0": {
      "integrity": "sha512-vG/A5cQrvGGvZm2mTnCSz1LUcbOPl83hfB6bxULKQ8oFZauyox/2xbZOoGNl+64m8VBrETkdGCDBdOsCr3F3jg==",
      "dependencies": [
        "@mongodb-js/saslprep",
        "bson",
        "mongodb-connection-string-url"
      ]
    },
    "path-to-regexp@6.3.0": {
      "integrity": "sha512-Yhpw4T9C6hPpgPeA28us07OJeqZ5EzQTkbfwuhsUg0c237RomFoETJgmp2sa3F/41gfLE6G5cqcYwznmeEeOlQ=="
    },
    "punycode@2.3.1": {
      "integrity": "sha512-vYt7UD1U9Wg6138shLtLOvdAu+8DsC/ilFtEVHcH+wydcSpNE20AfSOduf6MkRFahL5FY7X1oU7nKVZFtfq8Fg=="
    },
    "sparse-bitfield@3.0.3": {
      "integrity": "sha512-kvzhi7vqKTfkh0PZU+2D2PIllw2ymqJKujUcyPMd9Y75Nv4nPbGJZXNhxsgdQab2BmlDct1YnfQCguEvHr7VsQ==",
      "dependencies": [
        "memory-pager"
      ]
    },
    "tr46@5.1.1": {
      "integrity": "sha512-hdF5ZgjTqgAntKkklYw0R03MG2x/bSzTtkxmIRw/sTNV8YXsCJ1tfLAX23lhxhHJlEf3CRCOCGGWw3vI3GaSPw==",
      "dependencies": [
        "punycode"
      ]
    },
    "undici-types@6.21.0": {
      "integrity": "sha512-iwDZqg0QAGrg9Rav5H4n0M64c3mkR59cJ6wQp+7C4nI0gsmExaedaYLNO44eT4AtBBwjbTiGPMlt2Md0T9H9JQ=="
    },
    "webidl-conversions@7.0.0": {
      "integrity": "sha512-VwddBukDzu71offAQR975unBIGqfKZpM+8ZX6ySk8nYhVoo5CYaZyzt3YBvYtRtO+aoGlqxPg/B87NGVZ/fu6g=="
    },
    "whatwg-url@14.2.0": {
      "integrity": "sha512-De72GdQZzNTUBBChsXueQUnPKDkg/5A5zp7pFDuQAj5UFoENpiACU0wlCvzpAGnTkj++ihpKwKyYewn/XNUbKw==",
      "dependencies": [
        "tr46",
        "webidl-conversions"
      ]
    }
  },
  "redirects": {
    "https://esm.sh/@octokit/app@^15.0.0?target=denonext": "https://esm.sh/@octokit/app@15.1.6?target=denonext",
    "https://esm.sh/@octokit/auth-app@^7.2.1?target=denonext": "https://esm.sh/@octokit/auth-app@7.2.2?target=denonext",
    "https://esm.sh/@octokit/auth-oauth-app@^8.1.3?target=denonext": "https://esm.sh/@octokit/auth-oauth-app@8.1.4?target=denonext",
    "https://esm.sh/@octokit/auth-oauth-app@^8.1.4?target=denonext": "https://esm.sh/@octokit/auth-oauth-app@8.1.4?target=denonext",
    "https://esm.sh/@octokit/auth-oauth-device@^7.1.5?target=denonext": "https://esm.sh/@octokit/auth-oauth-device@7.1.5?target=denonext",
    "https://esm.sh/@octokit/auth-oauth-user@^5.1.3?target=denonext": "https://esm.sh/@octokit/auth-oauth-user@5.1.6?target=denonext",
    "https://esm.sh/@octokit/auth-oauth-user@^5.1.4?target=denonext": "https://esm.sh/@octokit/auth-oauth-user@5.1.6?target=denonext",
    "https://esm.sh/@octokit/auth-token@^5.0.0?target=denonext": "https://esm.sh/@octokit/auth-token@5.1.2?target=denonext",
    "https://esm.sh/@octokit/auth-unauthenticated@^6.1.2?target=denonext": "https://esm.sh/@octokit/auth-unauthenticated@6.1.3?target=denonext",
    "https://esm.sh/@octokit/auth-unauthenticated@^6.1.3?target=denonext": "https://esm.sh/@octokit/auth-unauthenticated@6.1.3?target=denonext",
    "https://esm.sh/@octokit/core@^6.0.0?target=denonext": "https://esm.sh/@octokit/core@6.1.6?target=denonext",
    "https://esm.sh/@octokit/core@^6.1.4?target=denonext": "https://esm.sh/@octokit/core@6.1.6?target=denonext",
    "https://esm.sh/@octokit/core@^6.1.5?target=denonext": "https://esm.sh/@octokit/core@6.1.6?target=denonext",
    "https://esm.sh/@octokit/endpoint@^10.1.4?target=denonext": "https://esm.sh/@octokit/endpoint@10.1.4?target=denonext",
    "https://esm.sh/@octokit/graphql@^8.2.2?target=denonext": "https://esm.sh/@octokit/graphql@8.2.2?target=denonext",
    "https://esm.sh/@octokit/oauth-app@^7.0.0?target=denonext": "https://esm.sh/@octokit/oauth-app@7.1.6?target=denonext",
    "https://esm.sh/@octokit/oauth-app@^7.1.6?target=denonext": "https://esm.sh/@octokit/oauth-app@7.1.6?target=denonext",
    "https://esm.sh/@octokit/oauth-authorization-url@^7.0.0?target=denonext": "https://esm.sh/@octokit/oauth-authorization-url@7.1.1?target=denonext",
    "https://esm.sh/@octokit/oauth-methods@^5.1.4?target=denonext": "https://esm.sh/@octokit/oauth-methods@5.1.5?target=denonext",
    "https://esm.sh/@octokit/oauth-methods@^5.1.5?target=denonext": "https://esm.sh/@octokit/oauth-methods@5.1.5?target=denonext",
    "https://esm.sh/@octokit/plugin-paginate-graphql@^5.0.0?target=denonext": "https://esm.sh/@octokit/plugin-paginate-graphql@5.2.4?target=denonext",
    "https://esm.sh/@octokit/plugin-paginate-rest@^11.0.0?target=denonext": "https://esm.sh/@octokit/plugin-paginate-rest@11.6.0?target=denonext",
    "https://esm.sh/@octokit/plugin-paginate-rest@^12.0.0?target=denonext": "https://esm.sh/@octokit/plugin-paginate-rest@12.0.0?target=denonext",
    "https://esm.sh/@octokit/plugin-rest-endpoint-methods@^13.0.0?target=denonext": "https://esm.sh/@octokit/plugin-rest-endpoint-methods@13.5.0?target=denonext",
    "https://esm.sh/@octokit/plugin-retry@^7.0.0?target=denonext": "https://esm.sh/@octokit/plugin-retry@7.2.1?target=denonext",
    "https://esm.sh/@octokit/plugin-throttling@^9.0.0?target=denonext": "https://esm.sh/@octokit/plugin-throttling@9.6.1?target=denonext",
    "https://esm.sh/@octokit/request-error@^6.0.0?target=denonext": "https://esm.sh/@octokit/request-error@6.1.8?target=denonext",
    "https://esm.sh/@octokit/request-error@^6.1.8?target=denonext": "https://esm.sh/@octokit/request-error@6.1.8?target=denonext",
    "https://esm.sh/@octokit/request@^9.2.3?target=denonext": "https://esm.sh/@octokit/request@9.2.4?target=denonext",
    "https://esm.sh/@octokit/webhooks-methods@^5.1.1?target=denonext": "https://esm.sh/@octokit/webhooks-methods@5.1.1?target=denonext",
    "https://esm.sh/@octokit/webhooks@^13.6.1?target=denonext": "https://esm.sh/@octokit/webhooks@13.9.1?target=denonext",
    "https://esm.sh/before-after-hook@^3.0.2?target=denonext": "https://esm.sh/before-after-hook@3.0.2?target=denonext",
    "https://esm.sh/bottleneck@^2.15.3/light?target=denonext": "https://esm.sh/bottleneck@2.19.5/light?target=denonext",
    "https://esm.sh/fast-content-type-parse@^2.0.0?target=denonext": "https://esm.sh/fast-content-type-parse@2.0.1?target=denonext",
    "https://esm.sh/toad-cache@^3.7.0?target=denonext": "https://esm.sh/toad-cache@3.7.0?target=denonext",
    "https://esm.sh/universal-github-app-jwt@^2.2.0?target=denonext": "https://esm.sh/universal-github-app-jwt@2.2.2?target=denonext",
    "https://esm.sh/universal-user-agent@^7.0.0?target=denonext": "https://esm.sh/universal-user-agent@7.0.3?target=denonext",
    "https://esm.sh/universal-user-agent@^7.0.2?target=denonext": "https://esm.sh/universal-user-agent@7.0.3?target=denonext"
  },
  "remote": {
    "https://deno.land/std@0.159.0/_util/assert.ts": "e94f2eb37cebd7f199952e242c77654e43333c1ac4c5c700e929ea3aa5489f74",
    "https://deno.land/std@0.159.0/_util/os.ts": "8a33345f74990e627b9dfe2de9b040004b08ea5146c7c9e8fe9a29070d193934",
    "https://deno.land/std@0.159.0/flags/mod.ts": "5ecf064f28471b455be61a71b68172236151f3362c8b4a663d5aedee93179ded",
    "https://deno.land/std@0.159.0/fs/_util.ts": "fdc156f897197f261a1c096dcf8ff9267ed0ff42bd5b31f55053a4763a4bae3b",
    "https://deno.land/std@0.159.0/fs/copy.ts": "73bdf24f4322648d9bc38ef983b818637ba368351d17aa03644209d3ce3eac31",
    "https://deno.land/std@0.159.0/fs/empty_dir.ts": "c15a0aaaf40f8c21cca902aa1e01a789ad0c2fd1b7e2eecf4957053c5dbf707f",
    "https://deno.land/std@0.159.0/fs/ensure_dir.ts": "76395fc1c989ca8d2de3aedfa8240eb8f5225cde20f926de957995b063135b80",
    "https://deno.land/std@0.159.0/fs/ensure_file.ts": "b8e32ea63aa21221d0219760ba3f741f682d7f7d68d0d24a3ec067c338568152",
    "https://deno.land/std@0.159.0/fs/ensure_link.ts": "5cc1c04f18487d7d1edf4c5469705f30b61390ffd24ad7db6df85e7209b32bb2",
    "https://deno.land/std@0.159.0/fs/ensure_symlink.ts": "5273557b8c50be69477aa9cb003b54ff2240a336db52a40851c97abce76b96ab",
    "https://deno.land/std@0.159.0/fs/eol.ts": "b92f0b88036de507e7e6fbedbe8f666835ea9dcbf5ac85917fa1fadc919f83a5",
    "https://deno.land/std@0.159.0/fs/exists.ts": "6a447912e49eb79cc640adacfbf4b0baf8e17ede6d5bed057062ce33c4fa0d68",
    "https://deno.land/std@0.159.0/fs/expand_glob.ts": "333a8b9b0726b6909e5af30fb99c68e5b0e734d37af8cbc2ad1f062f26ca4d50",
    "https://deno.land/std@0.159.0/fs/mod.ts": "354a6f972ef4e00c4dd1f1339a8828ef0764c1c23d3c0010af3fcc025d8655b0",
    "https://deno.land/std@0.159.0/fs/move.ts": "6d7fa9da60dbc7a32dd7fdbc2ff812b745861213c8e92ba96dace0669b0c378c",
    "https://deno.land/std@0.159.0/fs/walk.ts": "d6c73a2a2fb5fde60150ce27cff3fff420e72e5bb84131b4919c9a41d74712ce",
    "https://deno.land/std@0.159.0/path/_constants.ts": "df1db3ffa6dd6d1252cc9617e5d72165cd2483df90e93833e13580687b6083c3",
    "https://deno.land/std@0.159.0/path/_interface.ts": "ee3b431a336b80cf445441109d089b70d87d5e248f4f90ff906820889ecf8d09",
    "https://deno.land/std@0.159.0/path/_util.ts": "d16be2a16e1204b65f9d0dfc54a9bc472cafe5f4a190b3c8471ec2016ccd1677",
    "https://deno.land/std@0.159.0/path/common.ts": "bee563630abd2d97f99d83c96c2fa0cca7cee103e8cb4e7699ec4d5db7bd2633",
    "https://deno.land/std@0.159.0/path/glob.ts": "cb5255638de1048973c3e69e420c77dc04f75755524cb3b2e160fe9277d939ee",
    "https://deno.land/std@0.159.0/path/mod.ts": "56fec03ad0ebd61b6ab39ddb9b0ddb4c4a5c9f2f4f632e09dd37ec9ebfd722ac",
    "https://deno.land/std@0.159.0/path/posix.ts": "c1f7afe274290ea0b51da07ee205653b2964bd74909a82deb07b69a6cc383aaa",
    "https://deno.land/std@0.159.0/path/separator.ts": "fe1816cb765a8068afb3e8f13ad272351c85cbc739af56dacfc7d93d710fe0f9",
    "https://deno.land/std@0.159.0/path/win32.ts": "bd7549042e37879c68ff2f8576a25950abbfca1d696d41d82c7bca0b7e6f452c",
    "https://esm.sh/@octokit/app@15.1.6/denonext/app.mjs": "3c76601c658c9921fe284ea821923a3149935077b407731c628a26bc410e3097",
    "https://esm.sh/@octokit/app@15.1.6?target=denonext": "174eb368f80da5908cad8d65aff58f66a0a3e870136f4be14c3c8fbf6a7f97cc",
    "https://esm.sh/@octokit/auth-app@7.2.2/denonext/auth-app.mjs": "77d90520bcd84b5896764bc7bc8e0ff9a5c13c3c3f8627d3e1d9fd5317791e9f",
    "https://esm.sh/@octokit/auth-app@7.2.2?target=denonext": "25e0412ea7ca8c0613c2d7b49d51de05219a9493db04d73a3366c29c3f541b5c",
    "https://esm.sh/@octokit/auth-oauth-app@8.1.4/denonext/auth-oauth-app.mjs": "003bbdd8451f33e099df2069ac10a5a1a1d0ba15afda4c266a4d679fe2b69672",
    "https://esm.sh/@octokit/auth-oauth-app@8.1.4?target=denonext": "6845766015f6552250cb36d8672adb2b641a1ca43e0452f677c619365a1ac766",
    "https://esm.sh/@octokit/auth-oauth-device@7.1.5/denonext/auth-oauth-device.mjs": "47b6d02e3e866023ce8851f86add7195456b365a60e557c978cb5f17a9961e64",
    "https://esm.sh/@octokit/auth-oauth-device@7.1.5?target=denonext": "08fb1bb22e13861028fa9aad4404b305e38815578856f827069dacc6ffc64795",
    "https://esm.sh/@octokit/auth-oauth-user@5.1.6/denonext/auth-oauth-user.mjs": "927e9e1622d8fc70405726e00a7899391ca78c4ae443ab304ec63eec3f55a596",
    "https://esm.sh/@octokit/auth-oauth-user@5.1.6?target=denonext": "e323fa279e5245aedc65aa9b075f38640af1fc8db140bf1f00294491c3628964",
    "https://esm.sh/@octokit/auth-token@5.1.2/denonext/auth-token.mjs": "360feb2cb940bfa2e20ba6e5b7c366b207e7b8cb3a2ff983f3d33b19087cdc50",
    "https://esm.sh/@octokit/auth-token@5.1.2?target=denonext": "0e5dc846d0c00da36580f08e0d4115526daf6256acf07fabedc06716dfbf72c9",
    "https://esm.sh/@octokit/auth-unauthenticated@6.1.3/denonext/auth-unauthenticated.mjs": "9d1ec3ee8cb35d6d593c2f41a4636ca4171f76c8a71e33097ab1e10f4d3c54c7",
    "https://esm.sh/@octokit/auth-unauthenticated@6.1.3?target=denonext": "d0ad6573cb399c6db1bbf525ae0a6c714c4cb3bed144076a11dd79d37779a0dc",
    "https://esm.sh/@octokit/core@6.1.6/denonext/core.mjs": "4fcfac233d071e3243d1d2a1af508f97054e8ede752e3b2e97bd3c54b8b9f6f0",
    "https://esm.sh/@octokit/core@6.1.6?target=denonext": "b42d722106697686f5da14c5aaf5387dd38266c669d4a5538a82dda58e9aed39",
    "https://esm.sh/@octokit/endpoint@10.1.4/denonext/endpoint.mjs": "e9695d8b9daba1802149a9f017dc2e9287ce588c599283dd3468fa98e295c533",
    "https://esm.sh/@octokit/endpoint@10.1.4?target=denonext": "91af5e3c9b11af3cfd1d521282b3803bccc1d175708f29045fe89c852d0d219d",
    "https://esm.sh/@octokit/graphql@8.2.2/denonext/graphql.mjs": "e55462f6215496bb93fedd135a81914036f25d4b3aadaefe550859c874cf22da",
    "https://esm.sh/@octokit/graphql@8.2.2?target=denonext": "714907b8d78d2bdddad555d4e589e66024defe475d5c11c70fb7f8c416d3767b",
    "https://esm.sh/@octokit/oauth-app@7.1.6/denonext/oauth-app.mjs": "110cf1212f5c27cdfdbcf06d27dc0886988759f89ac9658344c5923f406eafaf",
    "https://esm.sh/@octokit/oauth-app@7.1.6?target=denonext": "eeda7abed63446b5cbf1c91b7500ae6d478ee19eb9d0defab9f0ab6cee8c2f6b",
    "https://esm.sh/@octokit/oauth-authorization-url@7.1.1/denonext/oauth-authorization-url.mjs": "209de15074485c12e6bffaed0f33d857c789df4a577b19ddbd78caa9646b77dc",
    "https://esm.sh/@octokit/oauth-authorization-url@7.1.1?target=denonext": "fdaed10ede57c5e5a3ae67b487331336916d5401d366bed1425515e104b95de1",
    "https://esm.sh/@octokit/oauth-methods@5.1.5/denonext/oauth-methods.mjs": "fa50fb0770e56ef668f3b2d68734bb90a82e5ee9a6f02e27e23bbf266b5160cd",
    "https://esm.sh/@octokit/oauth-methods@5.1.5?target=denonext": "5e5256f20d27478eed7a6b3543366aa245c0080738517ef581f71617b2cc8e54",
    "https://esm.sh/@octokit/plugin-paginate-graphql@5.2.4/denonext/plugin-paginate-graphql.mjs": "a2b0869cb5eb1e14516d1d2ba227e2b968afe05ed9b3895f005ac196e7b5c5a1",
    "https://esm.sh/@octokit/plugin-paginate-graphql@5.2.4?target=denonext": "1512bade9daddb1ffe8fc46693db5dd3df429d51264e6848e3de3ea0cd16bc61",
    "https://esm.sh/@octokit/plugin-paginate-rest@11.6.0/denonext/plugin-paginate-rest.mjs": "3b0f2ea212b5a155958f666722e87c6cb234640237957464697dc07566e229a6",
    "https://esm.sh/@octokit/plugin-paginate-rest@11.6.0?target=denonext": "b820f92a30ec49b49591322b5d05a9d844a0a5d112b7a03481d2bc343c6b4098",
    "https://esm.sh/@octokit/plugin-paginate-rest@12.0.0/denonext/plugin-paginate-rest.mjs": "5be09ee71576707dea905357ef32cb780dda2f40bac25aa4e9a1dce965af793a",
    "https://esm.sh/@octokit/plugin-paginate-rest@12.0.0?target=denonext": "458f4b65bb67b261809409a437ce4b0f9b674c69ab0f894bf352c6a8f1062dfd",
    "https://esm.sh/@octokit/plugin-rest-endpoint-methods@13.5.0/denonext/plugin-rest-endpoint-methods.mjs": "4464620b1ec640063b3a6fe7815a1f43762a358e4dc5213214f4381fb43be90a",
    "https://esm.sh/@octokit/plugin-rest-endpoint-methods@13.5.0?target=denonext": "663c1c7a573d9d94942c8ba123aed167385089f11f538c558874609ed9f96326",
    "https://esm.sh/@octokit/plugin-retry@7.2.1/denonext/plugin-retry.mjs": "03462d65cba07719c5c2c3602e7616095ca44ae1d448624dfc9312777951b2b8",
    "https://esm.sh/@octokit/plugin-retry@7.2.1?target=denonext": "9a1c571ff06d9b5f2d2ecd8a454a72e734c7573642363977d39c14abc3f4f6fe",
    "https://esm.sh/@octokit/plugin-throttling@9.6.1/denonext/plugin-throttling.mjs": "e158cd276df0c2a0c70cc20c35a5cca46dcaf5d5c261be7a01541809231714e3",
    "https://esm.sh/@octokit/plugin-throttling@9.6.1?target=denonext": "06b643880ce880b6164c8b576b18e54f13502416941e1493d9b027c2aec50fbc",
    "https://esm.sh/@octokit/request-error@6.1.8/denonext/request-error.mjs": "4d4ce0f124a0360e3951dcd20c194529da22026ec73522f3a0e5d245f8eedc0e",
    "https://esm.sh/@octokit/request-error@6.1.8?target=denonext": "0cd713a385a5870e3331ea45495111032ca5b819ab867a17583c1d0a4330f453",
    "https://esm.sh/@octokit/request@9.2.4/denonext/request.mjs": "ca8a8ea27d0eb29b09fdb52c56c0ad96d2b3b5822a3aa9746ff6265983329009",
    "https://esm.sh/@octokit/request@9.2.4?target=denonext": "80ddc6cb1e38a9cf4e79dc6fabfdae46fc96345fac4eb6f816a9d03d543edd1a",
    "https://esm.sh/@octokit/webhooks-methods@5.1.1/denonext/webhooks-methods.mjs": "73c8d2b1c773a5dfb5204386359e5a2dc319ccb355931fa079b7d776918be788",
    "https://esm.sh/@octokit/webhooks-methods@5.1.1?target=denonext": "a138d6817e44038c76d842c3bc581e5737a3bcf61409c0d1515c5dcf0fd33330",
    "https://esm.sh/@octokit/webhooks@13.9.1/denonext/webhooks.mjs": "86d788c77afc45c21b0e44e14cb22f80649fa47be0305397b865d718a0813df6",
    "https://esm.sh/@octokit/webhooks@13.9.1?target=denonext": "659daceaa1fbe4a6ac5c52269a69e7d4ce3faa034c2125eb55d9709f1e95eaa0",
    "https://esm.sh/before-after-hook@3.0.2/denonext/before-after-hook.mjs": "1a862839e15e4816de946c11023cbec3cb1d276e3a86073adfaac9dca6871aca",
    "https://esm.sh/before-after-hook@3.0.2?target=denonext": "923592fc40b4609eac335800f88c890d81c5f5f12e0b22fd8fd0646313c634f7",
    "https://esm.sh/bottleneck@2.19.5/denonext/light.mjs": "b6b510992e415f20900c4c7a9a03fd5d78479456ca44db90493895b37c5b87b7",
    "https://esm.sh/bottleneck@2.19.5/light?target=denonext": "c53ee9007926e5a49e291e0a0f2e1113735d65271a33eb609ac9ad309def4878",
    "https://esm.sh/fast-content-type-parse@2.0.1/denonext/fast-content-type-parse.mjs": "436d0ff6ce4508efcb9023892d25cc9d7eb321e9321a0d3aaf870300dc2e8578",
    "https://esm.sh/fast-content-type-parse@2.0.1?target=denonext": "7170ebd0186887d73afc67050a28e5350171e5e842e82a10309e829eabdf138a",
    "https://esm.sh/octokit@4.0.2": "7e79d4e14ea5d52ff9f737975542f39e8dd7499acb3c88487dc149896a98a511",
    "https://esm.sh/octokit@4.0.2/denonext/octokit.mjs": "693628f520e46e967507901136d85bfa375ce8b7edb0091decb04e2a4b98bff3",
    "https://esm.sh/toad-cache@3.7.0/denonext/toad-cache.mjs": "63b78525dcc99d8f736de244e46b306b2b5f6c72db75bf1d230230d46a06ab37",
    "https://esm.sh/toad-cache@3.7.0?target=denonext": "e17c2f2729b3268a6ecb412b975002ebaa66894c2e5e0a657a38d1176a1f02d4",
    "https://esm.sh/universal-github-app-jwt@2.2.2/denonext/universal-github-app-jwt.mjs": "002836bd32a28f8568c0869780ce90c7caede965b05628d1ed0add999c30d513",
    "https://esm.sh/universal-github-app-jwt@2.2.2?target=denonext": "30b600b05e1b5a3b5c282d285461807b79950da3812dfe040b46a46ecdd3219b",
    "https://esm.sh/universal-user-agent@7.0.3/denonext/universal-user-agent.mjs": "021090b5f3bb060b1b0364cb79daa2cc3760db58a023cd8892a098e6256a84c4",
    "https://esm.sh/universal-user-agent@7.0.3?target=denonext": "78cc32318bbfe205823697bc1fcec2e9a15a435cca022aaeb93024a61e106224"
  },
  "workspace": {
    "dependencies": [
      "jsr:@hoshimei/hoshimi-types@2.15.1",
      "jsr:@oak/oak@^17.2.0",
      "jsr:@std/crypto@*",
      "jsr:@std/encoding@*",
      "npm:@sentry/deno@10.32.1",
      "npm:lodash@4.17.21",
      "npm:mongodb@7.0.0"
    ]
  }
}
