{
  "version": "5",
  "specifiers": {
    "jsr:@hoshimei/hoshimi-types@2.15.1": "2.15.1",
    "jsr:@oak/commons@1": "1.0.1",
    "jsr:@oak/oak@^17.2.0": "17.2.0",
    "jsr:@std/assert@1": "1.0.16",
    "jsr:@std/bytes@1": "1.0.6",
    "jsr:@std/crypto@*": "1.0.5",
    "jsr:@std/crypto@1": "1.0.5",
    "jsr:@std/encoding@*": "1.0.10",
    "jsr:@std/encoding@1": "1.0.10",
    "jsr:@std/encoding@^1.0.10": "1.0.10",
    "jsr:@std/http@1": "1.0.23",
    "jsr:@std/internal@^1.0.12": "1.0.12",
    "jsr:@std/media-types@1": "1.1.0",
    "jsr:@std/path@1": "1.1.4",
    "npm:@sentry/deno@10.32.1": "10.32.1",
    "npm:lodash@4.17.21": "4.17.21",
    "npm:path-to-regexp@^6.3.0": "6.3.0"
  },
  "jsr": {
    "@hoshimei/hoshimi-types@2.15.1": {
      "integrity": "f1d26ff3bd5920428adcf6bd64a0bd13f7098798ff5488b2c2e17bf6f54fef03"
    },
    "@oak/commons@1.0.1": {
      "integrity": "889ff210f0b4292591721be07244ecb1b5c118742f5273c70cf30d7cd4184d0c",
      "dependencies": [
        "jsr:@std/assert",
        "jsr:@std/bytes",
        "jsr:@std/crypto@1",
        "jsr:@std/encoding@1",
        "jsr:@std/http",
        "jsr:@std/media-types"
      ]
    },
    "@oak/oak@17.2.0": {
      "integrity": "938537a92fc7922a46a9984696c65fb189c9baad164416ac3e336768a9ff0cd1",
      "dependencies": [
        "jsr:@oak/commons",
        "jsr:@std/assert",
        "jsr:@std/bytes",
        "jsr:@std/http",
        "jsr:@std/media-types",
        "jsr:@std/path",
        "npm:path-to-regexp"
      ]
    },
    "@std/assert@1.0.16": {
      "integrity": "6a7272ed1eaa77defe76e5ff63ca705d9c495077e2d5fd0126d2b53fc5bd6532"
    },
    "@std/bytes@1.0.6": {
      "integrity": "f6ac6adbd8ccd99314045f5703e23af0a68d7f7e58364b47d2c7f408aeb5820a"
    },
    "@std/crypto@1.0.5": {
      "integrity": "0dcfbb319fe0bba1bd3af904ceb4f948cde1b92979ec1614528380ed308a3b40"
    },
    "@std/encoding@1.0.10": {
      "integrity": "8783c6384a2d13abd5e9e87a7ae0520a30e9f56aeeaa3bdf910a3eaaf5c811a1"
    },
    "@std/http@1.0.23": {
      "integrity": "6634e9e034c589bf35101c1b5ee5bbf052a5987abca20f903e58bdba85c80dee",
      "dependencies": [
        "jsr:@std/encoding@^1.0.10"
      ]
    },
    "@std/internal@1.0.12": {
      "integrity": "972a634fd5bc34b242024402972cd5143eac68d8dffaca5eaa4dba30ce17b027"
    },
    "@std/media-types@1.1.0": {
      "integrity": "c9d093f0c05c3512932b330e3cc1fe1d627b301db33a4c2c2185c02471d6eaa4"
    },
    "@std/path@1.1.4": {
      "integrity": "1d2d43f39efb1b42f0b1882a25486647cb851481862dc7313390b2bb044314b5",
      "dependencies": [
        "jsr:@std/internal"
      ]
    }
  },
  "npm": {
    "@opentelemetry/api@1.9.0": {
      "integrity": "sha512-3giAOQvZiH5F9bMlMiv8+GSPMeqg0dbaeo58/0SlA9sxSqZhnUtxzX9/2FzyhS9sWQf5S0GJE0AKBrFqjpeYcg=="
    },
    "@sentry/core@10.32.1": {
      "integrity": "sha512-PH2ldpSJlhqsMj2vCTyU0BI2Fx1oIDhm7Izo5xFALvjVCS0gmlqHt1udu6YlKn8BtpGH6bGzssvv5APrk+OdPQ=="
    },
    "@sentry/deno@10.32.1": {
      "integrity": "sha512-pOWMtvFDQYAxbNmLgQw5ARpBBCPwRQd34kAaj+tBdhxjSsg32cVtjRpkXFIMkYth0DEbq6dLWEVL1Dgg11vlWA==",
      "dependencies": [
        "@opentelemetry/api",
        "@sentry/core"
      ]
    },
    "lodash@4.17.21": {
      "integrity": "sha512-v2kDEe57lecTulaDIuNTPy3Ry4gLGJ6Z1O3vE1krgXZNrsQ+LFTGHVxVjcXPs17LhbZVGedAJv8XZ1tvj5FvSg=="
    },
    "path-to-regexp@6.3.0": {
      "integrity": "sha512-Yhpw4T9C6hPpgPeA28us07OJeqZ5EzQTkbfwuhsUg0c237RomFoETJgmp2sa3F/41gfLE6G5cqcYwznmeEeOlQ=="
    }
  },
  "redirects": {
    "https://esm.sh/@octokit/app@^15.0.0?target=denonext": "https://esm.sh/@octokit/app@15.1.6?target=denonext",
    "https://esm.sh/@octokit/auth-app@^7.2.1?target=denonext": "https://esm.sh/@octokit/auth-app@7.2.2?target=denonext",
    "https://esm.sh/@octokit/auth-oauth-app@^8.1.3?target=denonext": "https://esm.sh/@octokit/auth-oauth-app@8.1.4?target=denonext",
    "https://esm.sh/@octokit/auth-oauth-app@^8.1.4?target=denonext": "https://esm.sh/@octokit/auth-oauth-app@8.1.4?target=denonext",
    "https://esm.sh/@octokit/auth-oauth-device@^7.1.5?target=denonext": "https://esm.sh/@octokit/auth-oauth-device@7.1.5?target=denonext",
    "https://esm.sh/@octokit/auth-oauth-user@^5.1.3?target=denonext": "https://esm.sh/@octokit/auth-oauth-user@5.1.6?target=denonext",
    "https://esm.sh/@octokit/auth-oauth-user@^5.1.4?target=denonext": "https://esm.sh/@octokit/auth-oauth-user@5.1.6?target=denonext",
    "https://esm.sh/@octokit/auth-token@^5.0.0?target=denonext": "https://esm.sh/@octokit/auth-token@5.1.2?target=denonext",
    "https://esm.sh/@octokit/auth-unauthenticated@^6.1.2?target=denonext": "https://esm.sh/@octokit/auth-unauthenticated@6.1.3?target=denonext",
    "https://esm.sh/@octokit/auth-unauthenticated@^6.1.3?target=denonext": "https://esm.sh/@octokit/auth-unauthenticated@6.1.3?target=denonext",
    "https://esm.sh/@octokit/core@^6.0.0?target=denonext": "https://esm.sh/@octokit/core@6.1.6?target=denonext",
    "https://esm.sh/@octokit/core@^6.1.4?target=denonext": "https://esm.sh/@octokit/core@6.1.6?target=denonext",
    "https://esm.sh/@octokit/core@^6.1.5?target=denonext": "https://esm.sh/@octokit/core@6.1.6?target=denonext",
    "https://esm.sh/@octokit/endpoint@^10.1.4?target=denonext": "https://esm.sh/@octokit/endpoint@10.1.4?target=denonext",
    "https://esm.sh/@octokit/graphql@^8.2.2?target=denonext": "https://esm.sh/@octokit/graphql@8.2.2?target=denonext",
    "https://esm.sh/@octokit/oauth-app@^7.0.0?target=denonext": "https://esm.sh/@octokit/oauth-app@7.1.6?target=denonext",
    "https://esm.sh/@octokit/oauth-app@^7.1.6?target=denonext": "https://esm.sh/@octokit/oauth-app@7.1.6?target=denonext",
    "https://esm.sh/@octokit/oauth-authorization-url@^7.0.0?target=denonext": "https://esm.sh/@octokit/oauth-authorization-url@7.1.1?target=denonext",
    "https://esm.sh/@octokit/oauth-methods@^5.1.4?target=denonext": "https://esm.sh/@octokit/oauth-methods@5.1.5?target=denonext",
    "https://esm.sh/@octokit/oauth-methods@^5.1.5?target=denonext": "https://esm.sh/@octokit/oauth-methods@5.1.5?target=denonext",
    "https://esm.sh/@octokit/plugin-paginate-graphql@^5.0.0?target=denonext": "https://esm.sh/@octokit/plugin-paginate-graphql@5.2.4?target=denonext",
    "https://esm.sh/@octokit/plugin-paginate-rest@^11.0.0?target=denonext": "https://esm.sh/@octokit/plugin-paginate-rest@11.6.0?target=denonext",
    "https://esm.sh/@octokit/plugin-paginate-rest@^12.0.0?target=denonext": "https://esm.sh/@octokit/plugin-paginate-rest@12.0.0?target=denonext",
    "https://esm.sh/@octokit/plugin-rest-endpoint-methods@^13.0.0?target=denonext": "https://esm.sh/@octokit/plugin-rest-endpoint-methods@13.5.0?target=denonext",
    "https://esm.sh/@octokit/plugin-retry@^7.0.0?target=denonext": "https://esm.sh/@octokit/plugin-retry@7.2.1?target=denonext",
    "https://esm.sh/@octokit/plugin-throttling@^9.0.0?target=denonext": "https://esm.sh/@octokit/plugin-throttling@9.6.1?target=denonext",
    "https://esm.sh/@octokit/request-error@^6.0.0?target=denonext": "https://esm.sh/@octokit/request-error@6.1.8?target=denonext",
    "https://esm.sh/@octokit/request-error@^6.1.8?target=denonext": "https://esm.sh/@octokit/request-error@6.1.8?target=denonext",
    "https://esm.sh/@octokit/request@^9.2.3?target=denonext": "https://esm.sh/@octokit/request@9.2.4?target=denonext",
    "https://esm.sh/@octokit/webhooks-methods@^5.1.1?target=denonext": "https://esm.sh/@octokit/webhooks-methods@5.1.1?target=denonext",
    "https://esm.sh/@octokit/webhooks@^13.6.1?target=denonext": "https://esm.sh/@octokit/webhooks@13.9.1?target=denonext",
    "https://esm.sh/before-after-hook@^3.0.2?target=denonext": "https://esm.sh/before-after-hook@3.0.2?target=denonext",
    "https://esm.sh/bottleneck@^2.15.3/light?target=denonext": "https://esm.sh/bottleneck@2.19.5/light?target=denonext",
    "https://esm.sh/fast-content-type-parse@^2.0.0?target=denonext": "https://esm.sh/fast-content-type-parse@2.0.1?target=denonext",
    "https://esm.sh/toad-cache@^3.7.0?target=denonext": "https://esm.sh/toad-cache@3.7.0?target=denonext",
    "https://esm.sh/universal-github-app-jwt@^2.2.0?target=denonext": "https://esm.sh/universal-github-app-jwt@2.2.2?target=denonext",
    "https://esm.sh/universal-user-agent@^7.0.0?target=denonext": "https://esm.sh/universal-user-agent@7.0.3?target=denonext",
    "https://esm.sh/universal-user-agent@^7.0.2?target=denonext": "https://esm.sh/universal-user-agent@7.0.3?target=denonext"
  },
  "remote": {
    "https://deno.land/std@0.154.0/_util/assert.ts": "e94f2eb37cebd7f199952e242c77654e43333c1ac4c5c700e929ea3aa5489f74",
    "https://deno.land/std@0.154.0/_wasm_crypto/lib/deno_std_wasm_crypto.generated.mjs": "dfcd6777d05345362c70f9f2c49abba3ed3f925fccfcf725abe2d16d51819433",
    "https://deno.land/std@0.154.0/_wasm_crypto/mod.ts": "6c60d332716147ded0eece0861780678d51b560f533b27db2e15c64a4ef83665",
    "https://deno.land/std@0.154.0/async/deferred.ts": "c01de44b9192359cebd3fe93273fcebf9e95110bf3360023917da9a2d1489fae",
    "https://deno.land/std@0.154.0/bytes/bytes_list.ts": "aba5e2369e77d426b10af1de0dcc4531acecec27f9b9056f4f7bfbf8ac147ab4",
    "https://deno.land/std@0.154.0/bytes/equals.ts": "3c3558c3ae85526f84510aa2b48ab2ad7bdd899e2e0f5b7a8ffc85acb3a6043a",
    "https://deno.land/std@0.154.0/bytes/mod.ts": "763f97d33051cc3f28af1a688dfe2830841192a9fea0cbaa55f927b49d49d0bf",
    "https://deno.land/std@0.154.0/crypto/_fnv/fnv32.ts": "aa9bddead8c6345087d3abd4ef35fb9655622afc333fc41fff382b36e64280b5",
    "https://deno.land/std@0.154.0/crypto/_fnv/fnv64.ts": "625d7e7505b6cb2e9801b5fd6ed0a89256bac12b2bbb3e4664b85a88b0ec5bef",
    "https://deno.land/std@0.154.0/crypto/_fnv/index.ts": "a8f6a361b4c6d54e5e89c16098f99b6962a1dd6ad1307dbc97fa1ecac5d7060a",
    "https://deno.land/std@0.154.0/crypto/_fnv/util.ts": "4848313bed7f00f55be3cb080aa0583fc007812ba965b03e4009665bde614ce3",
    "https://deno.land/std@0.154.0/crypto/keystack.ts": "e481eed28007395e554a435e880fee83a5c73b9259ed8a135a75e4b1e4f381f7",
    "https://deno.land/std@0.154.0/crypto/mod.ts": "0ef11f063cd0f9759485a3c9051e15125e1bde3b47c23b47e79b6e13cfcf9481",
    "https://deno.land/std@0.154.0/crypto/timing_safe_equal.ts": "82a29b737bc8932d75d7a20c404136089d5d23629e94ba14efa98a8cc066c73e",
    "https://deno.land/std@0.154.0/encoding/base64.ts": "c57868ca7fa2fbe919f57f88a623ad34e3d970d675bdc1ff3a9d02bba7409db2",
    "https://deno.land/std@0.154.0/encoding/base64url.ts": "a5f82a9fa703bd85a5eb8e7c1296bc6529e601ebd9642cc2b5eaa6b38fa9e05a",
    "https://deno.land/std@0.154.0/encoding/hex.ts": "4cc5324417cbb4ac9b828453d35aed45b9cc29506fad658f1f138d981ae33795",
    "https://deno.land/std@0.154.0/fmt/colors.ts": "ff7dc9c9f33a72bd48bc24b21bbc1b4545d8494a431f17894dbc5fe92a938fc4",
    "https://deno.land/std@0.154.0/io/buffer.ts": "fae02290f52301c4e0188670e730cd902f9307fb732d79c4aa14ebdc82497289",
    "https://deno.land/std@0.154.0/io/files.ts": "d199ef64e918a256320ba8d8d44ae91de87c9077df8f8d6cca013f1b9fbbe285",
    "https://deno.land/std@0.154.0/io/mod.ts": "33507cf2460ab67d0d90fb5749fa6fecb33897642b49d54a6bb1ac81e4768f69",
    "https://deno.land/std@0.154.0/io/readers.ts": "45847ad404afd2f605eae1cff193f223462bc55eeb9ae313c2f3db28aada0fd6",
    "https://deno.land/std@0.154.0/io/streams.ts": "988a19155b52161f0035ce539e2f1d12edbc4c389fa7633da832a64e6edbe1a0",
    "https://deno.land/std@0.154.0/io/util.ts": "078da53bba767bec0d45f7da44411f6dbf269e51ef7fcfea5e3714e04681c674",
    "https://deno.land/std@0.154.0/io/writers.ts": "2e1c63ffd0cfba411b1fd8374609abff9ea86187c9d4d885d42e6fc20325ef0e",
    "https://deno.land/std@0.154.0/streams/conversion.ts": "fc4eb76a14148c43f0b85e903a5a1526391aa40ed9434dc21e34f88304eb823e",
    "https://deno.land/std@0.154.0/testing/_diff.ts": "141f978a283defc367eeee3ff7b58aa8763cf7c8e0c585132eae614468e9d7b8",
    "https://deno.land/std@0.154.0/testing/_format.ts": "cd11136e1797791045e639e9f0f4640d5b4166148796cad37e6ef75f7d7f3832",
    "https://deno.land/std@0.154.0/testing/asserts.ts": "ac295f7fd22a7af107580e2475402a8c386cb1bf18bf837ae266ac0665786026",
    "https://deno.land/std@0.159.0/_util/assert.ts": "e94f2eb37cebd7f199952e242c77654e43333c1ac4c5c700e929ea3aa5489f74",
    "https://deno.land/std@0.159.0/_util/os.ts": "8a33345f74990e627b9dfe2de9b040004b08ea5146c7c9e8fe9a29070d193934",
    "https://deno.land/std@0.159.0/flags/mod.ts": "5ecf064f28471b455be61a71b68172236151f3362c8b4a663d5aedee93179ded",
    "https://deno.land/std@0.159.0/fs/_util.ts": "fdc156f897197f261a1c096dcf8ff9267ed0ff42bd5b31f55053a4763a4bae3b",
    "https://deno.land/std@0.159.0/fs/copy.ts": "73bdf24f4322648d9bc38ef983b818637ba368351d17aa03644209d3ce3eac31",
    "https://deno.land/std@0.159.0/fs/empty_dir.ts": "c15a0aaaf40f8c21cca902aa1e01a789ad0c2fd1b7e2eecf4957053c5dbf707f",
    "https://deno.land/std@0.159.0/fs/ensure_dir.ts": "76395fc1c989ca8d2de3aedfa8240eb8f5225cde20f926de957995b063135b80",
    "https://deno.land/std@0.159.0/fs/ensure_file.ts": "b8e32ea63aa21221d0219760ba3f741f682d7f7d68d0d24a3ec067c338568152",
    "https://deno.land/std@0.159.0/fs/ensure_link.ts": "5cc1c04f18487d7d1edf4c5469705f30b61390ffd24ad7db6df85e7209b32bb2",
    "https://deno.land/std@0.159.0/fs/ensure_symlink.ts": "5273557b8c50be69477aa9cb003b54ff2240a336db52a40851c97abce76b96ab",
    "https://deno.land/std@0.159.0/fs/eol.ts": "b92f0b88036de507e7e6fbedbe8f666835ea9dcbf5ac85917fa1fadc919f83a5",
    "https://deno.land/std@0.159.0/fs/exists.ts": "6a447912e49eb79cc640adacfbf4b0baf8e17ede6d5bed057062ce33c4fa0d68",
    "https://deno.land/std@0.159.0/fs/expand_glob.ts": "333a8b9b0726b6909e5af30fb99c68e5b0e734d37af8cbc2ad1f062f26ca4d50",
    "https://deno.land/std@0.159.0/fs/mod.ts": "354a6f972ef4e00c4dd1f1339a8828ef0764c1c23d3c0010af3fcc025d8655b0",
    "https://deno.land/std@0.159.0/fs/move.ts": "6d7fa9da60dbc7a32dd7fdbc2ff812b745861213c8e92ba96dace0669b0c378c",
    "https://deno.land/std@0.159.0/fs/walk.ts": "d6c73a2a2fb5fde60150ce27cff3fff420e72e5bb84131b4919c9a41d74712ce",
    "https://deno.land/std@0.159.0/path/_constants.ts": "df1db3ffa6dd6d1252cc9617e5d72165cd2483df90e93833e13580687b6083c3",
    "https://deno.land/std@0.159.0/path/_interface.ts": "ee3b431a336b80cf445441109d089b70d87d5e248f4f90ff906820889ecf8d09",
    "https://deno.land/std@0.159.0/path/_util.ts": "d16be2a16e1204b65f9d0dfc54a9bc472cafe5f4a190b3c8471ec2016ccd1677",
    "https://deno.land/std@0.159.0/path/common.ts": "bee563630abd2d97f99d83c96c2fa0cca7cee103e8cb4e7699ec4d5db7bd2633",
    "https://deno.land/std@0.159.0/path/glob.ts": "cb5255638de1048973c3e69e420c77dc04f75755524cb3b2e160fe9277d939ee",
    "https://deno.land/std@0.159.0/path/mod.ts": "56fec03ad0ebd61b6ab39ddb9b0ddb4c4a5c9f2f4f632e09dd37ec9ebfd722ac",
    "https://deno.land/std@0.159.0/path/posix.ts": "c1f7afe274290ea0b51da07ee205653b2964bd74909a82deb07b69a6cc383aaa",
    "https://deno.land/std@0.159.0/path/separator.ts": "fe1816cb765a8068afb3e8f13ad272351c85cbc739af56dacfc7d93d710fe0f9",
    "https://deno.land/std@0.159.0/path/win32.ts": "bd7549042e37879c68ff2f8576a25950abbfca1d696d41d82c7bca0b7e6f452c",
    "https://deno.land/x/mongo@v0.32.0/deps.ts": "1b53a32fbc115195d74ab78e7d21026ea4b6590e5b558b388017cc1a9b8181e6",
    "https://deno.land/x/mongo@v0.32.0/mod.ts": "0989f34d08c40440b8786140abdaf863e964e23df5d1a80e661d3d4170d9d21e",
    "https://deno.land/x/mongo@v0.32.0/src/auth/base.ts": "7fe14cf0a63d6bbc4ba69a000a04b3b184d26842504d94652a6af2d0c9494944",
    "https://deno.land/x/mongo@v0.32.0/src/auth/mod.ts": "b161611bd5be9e9d1b4497227c8ea93ad4daadcd98038c9e5a707bc5da7a25ca",
    "https://deno.land/x/mongo@v0.32.0/src/auth/pbkdf2.ts": "1f1db192fd37869d118ab34780b64567ebcf0ad83a03ef28b3d740cae9adb47a",
    "https://deno.land/x/mongo@v0.32.0/src/auth/scram.ts": "187db02e94e7e5423ec902e87d6839028770dca57830dca7f154dcd22a959c0f",
    "https://deno.land/x/mongo@v0.32.0/src/auth/x509.ts": "a75b27c549707dd441434ae400a3e6a24da7fe7d4e0e80c9bb79dfc6426b651e",
    "https://deno.land/x/mongo@v0.32.0/src/client.ts": "368cac10b3df3bfbc2dfba468d1bbd1332c359a643e0bb81a13d7220a58b43ff",
    "https://deno.land/x/mongo@v0.32.0/src/cluster.ts": "cff69bf284a5c7fcaff231494f1ab56ca652e725e58622723e402fbb61448d0e",
    "https://deno.land/x/mongo@v0.32.0/src/collection/collection.ts": "6748479b4e9992f9f2ce8e22f891f8917349c1a0e53cb89da5a66cf2b44b9016",
    "https://deno.land/x/mongo@v0.32.0/src/collection/commands/aggregate.ts": "440906a670adb46edb36fd95573ffa83f192775108b621520be992165910e895",
    "https://deno.land/x/mongo@v0.32.0/src/collection/commands/find.ts": "5c3b750d8c82ce08d865a381bc71f600406cbc4912c4aa689238755579fb71f8",
    "https://deno.land/x/mongo@v0.32.0/src/collection/commands/list_indexes.ts": "d32a5120305d0547497026b4f5ab2ecc2f40ff7f44c405b99c2a0287765333f5",
    "https://deno.land/x/mongo@v0.32.0/src/collection/commands/update.ts": "cf352108a5dd34f0928c2196a432383d366b8ed292676c71358b9ecf1289418d",
    "https://deno.land/x/mongo@v0.32.0/src/collection/mod.ts": "bd791a0b9b46be4365f88c54893584eadec2f8cd799db9eb05e0b5b4c8d72b8e",
    "https://deno.land/x/mongo@v0.32.0/src/database.ts": "c7b677beddd3eb16f79e8d3c9473b5f86e45541b8a04cc896aabe04d029fa7a0",
    "https://deno.land/x/mongo@v0.32.0/src/error.ts": "8180a822b0831a94a6a28815865b5b40e3996220684bea60fcb81b272ddd06eb",
    "https://deno.land/x/mongo@v0.32.0/src/gridfs/bucket.ts": "a4452d63f6928f57486a214a499b54b80b98cc0d13e3d85a6841b34d5ff12a61",
    "https://deno.land/x/mongo@v0.32.0/src/gridfs/indexes.ts": "7d302114fb4d81c4a873614a51d11ddb8b471f967179dddb8269c39b3cadf4e3",
    "https://deno.land/x/mongo@v0.32.0/src/gridfs/upload.ts": "6a54a21b00c6f22ad0da6ceef7a2932dc600560f594c2551abd8e4a64976abae",
    "https://deno.land/x/mongo@v0.32.0/src/protocol/cursor.ts": "c370a28856fa236129cc2d7abf7ebc4ac6cdd60acb93e0e7371433f7332394cb",
    "https://deno.land/x/mongo@v0.32.0/src/protocol/handshake.ts": "3c3ba547d5322751b9756ce9a4750f3cf18febee0a64edca5b007634bd80e0fe",
    "https://deno.land/x/mongo@v0.32.0/src/protocol/header.ts": "0f28db842f886e57b7013606c1391affab2e2960a1a4568d2502e7b788117716",
    "https://deno.land/x/mongo@v0.32.0/src/protocol/message.ts": "7b4e38489070fc6281d1b3f13e99504310f09273baa8bcb11d82b1e30ea04202",
    "https://deno.land/x/mongo@v0.32.0/src/protocol/mod.ts": "4e24d563049c0a236234598ca786ca13778dc17fdb80ac543ac6c75d0c5094d7",
    "https://deno.land/x/mongo@v0.32.0/src/protocol/protocol.ts": "92568dd86e6ef3f54054113d9f5620f158fc1dfee2a7c9d13623975835d5996a",
    "https://deno.land/x/mongo@v0.32.0/src/types.ts": "355c91b0abc0c77aa1f8fd0dcfcbc47505518f561b72d8fefd4a929b12bc7e48",
    "https://deno.land/x/mongo@v0.32.0/src/types/geojson.ts": "14690e2fa1591939253ddc9de181b0664051e9462db131b72be5fb9d064dff44",
    "https://deno.land/x/mongo@v0.32.0/src/types/geospatial.ts": "c73ee13536365fa5d868b65ab47b3488a5f223a67e1e059761886f750db70ef9",
    "https://deno.land/x/mongo@v0.32.0/src/types/gridfs.ts": "e1fd12c3ca58d437267e7a8557d745d23b9d8916d1da34c1847e5e373728dfa0",
    "https://deno.land/x/mongo@v0.32.0/src/types/read_write_concern.ts": "d00f35eb85520e776741888685d08d479766a19e9a0a970b53f4594c9db00496",
    "https://deno.land/x/mongo@v0.32.0/src/utils/ns.ts": "fb0c57b8dc4d31f8993112d267dec3c163d3e8862198d1cd03b2b51bcc3caad9",
    "https://deno.land/x/mongo@v0.32.0/src/utils/saslprep/deps.ts": "95ceb81b353110526dacf2a98854bc79d6e17d7f173af8806e91c05555d7b8c7",
    "https://deno.land/x/mongo@v0.32.0/src/utils/saslprep/load_code_points.ts": "f6a4ef2eb2345eac40ffbf1a30661cca803f399865f2a0fadafb71f57d4c97bf",
    "https://deno.land/x/mongo@v0.32.0/src/utils/saslprep/memory_pager.ts": "f55a79a13ec569c21630c3915a9af0c6fc0aa2b899121fa2a85a813c6dd4afba",
    "https://deno.land/x/mongo@v0.32.0/src/utils/saslprep/mod.ts": "0a8a39a0784d065a79c54ce63d7d7b103d0b94addc5b7bcf985517ba2442c8a1",
    "https://deno.land/x/mongo@v0.32.0/src/utils/saslprep/sparse_bitfield.ts": "07d6fe2ecd4ba5f711c44c1ae409bb9c1fe3a3cfc09e27434d231d4aae46dd2d",
    "https://deno.land/x/mongo@v0.32.0/src/utils/srv.ts": "ed5f78ffe6480faac68291a87e51e3674eff5f28aec937ee97248e99e1317b16",
    "https://deno.land/x/mongo@v0.32.0/src/utils/uri.ts": "dcfab8e1dcfcc875c75ada1d9f366664480c03b65594990d6342ed88925452e5",
    "https://deno.land/x/sentry@8.11.0/index.mjs": "0b6f85dc5cb4ba9adefb6726e2daad9088c090fd3dbc2fed7a4b35949ddfac85",
    "https://deno.land/x/web_bson@v0.3.0/mod.js": "8e14aecd31ee63abd30e2dbaa284b4b67abb7ba51fcef5b96af74727cb7c7940",
    "https://esm.sh/@octokit/app@15.1.6/denonext/app.mjs": "3c76601c658c9921fe284ea821923a3149935077b407731c628a26bc410e3097",
    "https://esm.sh/@octokit/app@15.1.6?target=denonext": "174eb368f80da5908cad8d65aff58f66a0a3e870136f4be14c3c8fbf6a7f97cc",
    "https://esm.sh/@octokit/auth-app@7.2.2/denonext/auth-app.mjs": "77d90520bcd84b5896764bc7bc8e0ff9a5c13c3c3f8627d3e1d9fd5317791e9f",
    "https://esm.sh/@octokit/auth-app@7.2.2?target=denonext": "25e0412ea7ca8c0613c2d7b49d51de05219a9493db04d73a3366c29c3f541b5c",
    "https://esm.sh/@octokit/auth-oauth-app@8.1.4/denonext/auth-oauth-app.mjs": "003bbdd8451f33e099df2069ac10a5a1a1d0ba15afda4c266a4d679fe2b69672",
    "https://esm.sh/@octokit/auth-oauth-app@8.1.4?target=denonext": "6845766015f6552250cb36d8672adb2b641a1ca43e0452f677c619365a1ac766",
    "https://esm.sh/@octokit/auth-oauth-device@7.1.5/denonext/auth-oauth-device.mjs": "47b6d02e3e866023ce8851f86add7195456b365a60e557c978cb5f17a9961e64",
    "https://esm.sh/@octokit/auth-oauth-device@7.1.5?target=denonext": "08fb1bb22e13861028fa9aad4404b305e38815578856f827069dacc6ffc64795",
    "https://esm.sh/@octokit/auth-oauth-user@5.1.6/denonext/auth-oauth-user.mjs": "927e9e1622d8fc70405726e00a7899391ca78c4ae443ab304ec63eec3f55a596",
    "https://esm.sh/@octokit/auth-oauth-user@5.1.6?target=denonext": "e323fa279e5245aedc65aa9b075f38640af1fc8db140bf1f00294491c3628964",
    "https://esm.sh/@octokit/auth-token@5.1.2/denonext/auth-token.mjs": "360feb2cb940bfa2e20ba6e5b7c366b207e7b8cb3a2ff983f3d33b19087cdc50",
    "https://esm.sh/@octokit/auth-token@5.1.2?target=denonext": "0e5dc846d0c00da36580f08e0d4115526daf6256acf07fabedc06716dfbf72c9",
    "https://esm.sh/@octokit/auth-unauthenticated@6.1.3/denonext/auth-unauthenticated.mjs": "9d1ec3ee8cb35d6d593c2f41a4636ca4171f76c8a71e33097ab1e10f4d3c54c7",
    "https://esm.sh/@octokit/auth-unauthenticated@6.1.3?target=denonext": "d0ad6573cb399c6db1bbf525ae0a6c714c4cb3bed144076a11dd79d37779a0dc",
    "https://esm.sh/@octokit/core@6.1.6/denonext/core.mjs": "4fcfac233d071e3243d1d2a1af508f97054e8ede752e3b2e97bd3c54b8b9f6f0",
    "https://esm.sh/@octokit/core@6.1.6?target=denonext": "b42d722106697686f5da14c5aaf5387dd38266c669d4a5538a82dda58e9aed39",
    "https://esm.sh/@octokit/endpoint@10.1.4/denonext/endpoint.mjs": "e9695d8b9daba1802149a9f017dc2e9287ce588c599283dd3468fa98e295c533",
    "https://esm.sh/@octokit/endpoint@10.1.4?target=denonext": "91af5e3c9b11af3cfd1d521282b3803bccc1d175708f29045fe89c852d0d219d",
    "https://esm.sh/@octokit/graphql@8.2.2/denonext/graphql.mjs": "e55462f6215496bb93fedd135a81914036f25d4b3aadaefe550859c874cf22da",
    "https://esm.sh/@octokit/graphql@8.2.2?target=denonext": "714907b8d78d2bdddad555d4e589e66024defe475d5c11c70fb7f8c416d3767b",
    "https://esm.sh/@octokit/oauth-app@7.1.6/denonext/oauth-app.mjs": "110cf1212f5c27cdfdbcf06d27dc0886988759f89ac9658344c5923f406eafaf",
    "https://esm.sh/@octokit/oauth-app@7.1.6?target=denonext": "eeda7abed63446b5cbf1c91b7500ae6d478ee19eb9d0defab9f0ab6cee8c2f6b",
    "https://esm.sh/@octokit/oauth-authorization-url@7.1.1/denonext/oauth-authorization-url.mjs": "209de15074485c12e6bffaed0f33d857c789df4a577b19ddbd78caa9646b77dc",
    "https://esm.sh/@octokit/oauth-authorization-url@7.1.1?target=denonext": "fdaed10ede57c5e5a3ae67b487331336916d5401d366bed1425515e104b95de1",
    "https://esm.sh/@octokit/oauth-methods@5.1.5/denonext/oauth-methods.mjs": "fa50fb0770e56ef668f3b2d68734bb90a82e5ee9a6f02e27e23bbf266b5160cd",
    "https://esm.sh/@octokit/oauth-methods@5.1.5?target=denonext": "5e5256f20d27478eed7a6b3543366aa245c0080738517ef581f71617b2cc8e54",
    "https://esm.sh/@octokit/plugin-paginate-graphql@5.2.4/denonext/plugin-paginate-graphql.mjs": "a2b0869cb5eb1e14516d1d2ba227e2b968afe05ed9b3895f005ac196e7b5c5a1",
    "https://esm.sh/@octokit/plugin-paginate-graphql@5.2.4?target=denonext": "1512bade9daddb1ffe8fc46693db5dd3df429d51264e6848e3de3ea0cd16bc61",
    "https://esm.sh/@octokit/plugin-paginate-rest@11.6.0/denonext/plugin-paginate-rest.mjs": "3b0f2ea212b5a155958f666722e87c6cb234640237957464697dc07566e229a6",
    "https://esm.sh/@octokit/plugin-paginate-rest@11.6.0?target=denonext": "b820f92a30ec49b49591322b5d05a9d844a0a5d112b7a03481d2bc343c6b4098",
    "https://esm.sh/@octokit/plugin-paginate-rest@12.0.0/denonext/plugin-paginate-rest.mjs": "5be09ee71576707dea905357ef32cb780dda2f40bac25aa4e9a1dce965af793a",
    "https://esm.sh/@octokit/plugin-paginate-rest@12.0.0?target=denonext": "458f4b65bb67b261809409a437ce4b0f9b674c69ab0f894bf352c6a8f1062dfd",
    "https://esm.sh/@octokit/plugin-rest-endpoint-methods@13.5.0/denonext/plugin-rest-endpoint-methods.mjs": "4464620b1ec640063b3a6fe7815a1f43762a358e4dc5213214f4381fb43be90a",
    "https://esm.sh/@octokit/plugin-rest-endpoint-methods@13.5.0?target=denonext": "663c1c7a573d9d94942c8ba123aed167385089f11f538c558874609ed9f96326",
    "https://esm.sh/@octokit/plugin-retry@7.2.1/denonext/plugin-retry.mjs": "03462d65cba07719c5c2c3602e7616095ca44ae1d448624dfc9312777951b2b8",
    "https://esm.sh/@octokit/plugin-retry@7.2.1?target=denonext": "9a1c571ff06d9b5f2d2ecd8a454a72e734c7573642363977d39c14abc3f4f6fe",
    "https://esm.sh/@octokit/plugin-throttling@9.6.1/denonext/plugin-throttling.mjs": "e158cd276df0c2a0c70cc20c35a5cca46dcaf5d5c261be7a01541809231714e3",
    "https://esm.sh/@octokit/plugin-throttling@9.6.1?target=denonext": "06b643880ce880b6164c8b576b18e54f13502416941e1493d9b027c2aec50fbc",
    "https://esm.sh/@octokit/request-error@6.1.8/denonext/request-error.mjs": "4d4ce0f124a0360e3951dcd20c194529da22026ec73522f3a0e5d245f8eedc0e",
    "https://esm.sh/@octokit/request-error@6.1.8?target=denonext": "0cd713a385a5870e3331ea45495111032ca5b819ab867a17583c1d0a4330f453",
    "https://esm.sh/@octokit/request@9.2.4/denonext/request.mjs": "ca8a8ea27d0eb29b09fdb52c56c0ad96d2b3b5822a3aa9746ff6265983329009",
    "https://esm.sh/@octokit/request@9.2.4?target=denonext": "80ddc6cb1e38a9cf4e79dc6fabfdae46fc96345fac4eb6f816a9d03d543edd1a",
    "https://esm.sh/@octokit/webhooks-methods@5.1.1/denonext/webhooks-methods.mjs": "73c8d2b1c773a5dfb5204386359e5a2dc319ccb355931fa079b7d776918be788",
    "https://esm.sh/@octokit/webhooks-methods@5.1.1?target=denonext": "a138d6817e44038c76d842c3bc581e5737a3bcf61409c0d1515c5dcf0fd33330",
    "https://esm.sh/@octokit/webhooks@13.9.1/denonext/webhooks.mjs": "86d788c77afc45c21b0e44e14cb22f80649fa47be0305397b865d718a0813df6",
    "https://esm.sh/@octokit/webhooks@13.9.1?target=denonext": "659daceaa1fbe4a6ac5c52269a69e7d4ce3faa034c2125eb55d9709f1e95eaa0",
    "https://esm.sh/before-after-hook@3.0.2/denonext/before-after-hook.mjs": "1a862839e15e4816de946c11023cbec3cb1d276e3a86073adfaac9dca6871aca",
    "https://esm.sh/before-after-hook@3.0.2?target=denonext": "923592fc40b4609eac335800f88c890d81c5f5f12e0b22fd8fd0646313c634f7",
    "https://esm.sh/bottleneck@2.19.5/denonext/light.mjs": "943b72d08b33e678a4f64bf2ce9a0468f9356ee65092af9c893fa25d3be6518b",
    "https://esm.sh/bottleneck@2.19.5/light?target=denonext": "c53ee9007926e5a49e291e0a0f2e1113735d65271a33eb609ac9ad309def4878",
    "https://esm.sh/fast-content-type-parse@2.0.1/denonext/fast-content-type-parse.mjs": "436d0ff6ce4508efcb9023892d25cc9d7eb321e9321a0d3aaf870300dc2e8578",
    "https://esm.sh/fast-content-type-parse@2.0.1?target=denonext": "7170ebd0186887d73afc67050a28e5350171e5e842e82a10309e829eabdf138a",
    "https://esm.sh/octokit@4.0.2": "7e79d4e14ea5d52ff9f737975542f39e8dd7499acb3c88487dc149896a98a511",
    "https://esm.sh/octokit@4.0.2/denonext/octokit.mjs": "693628f520e46e967507901136d85bfa375ce8b7edb0091decb04e2a4b98bff3",
    "https://esm.sh/toad-cache@3.7.0/denonext/toad-cache.mjs": "63b78525dcc99d8f736de244e46b306b2b5f6c72db75bf1d230230d46a06ab37",
    "https://esm.sh/toad-cache@3.7.0?target=denonext": "e17c2f2729b3268a6ecb412b975002ebaa66894c2e5e0a657a38d1176a1f02d4",
    "https://esm.sh/universal-github-app-jwt@2.2.2/denonext/universal-github-app-jwt.mjs": "0dc5ffa5cc5ade7551ba091da562b72840d624a78a28af985088f5e994b3c53a",
    "https://esm.sh/universal-github-app-jwt@2.2.2?target=denonext": "30b600b05e1b5a3b5c282d285461807b79950da3812dfe040b46a46ecdd3219b",
    "https://esm.sh/universal-user-agent@7.0.3/denonext/universal-user-agent.mjs": "021090b5f3bb060b1b0364cb79daa2cc3760db58a023cd8892a098e6256a84c4",
    "https://esm.sh/universal-user-agent@7.0.3?target=denonext": "78cc32318bbfe205823697bc1fcec2e9a15a435cca022aaeb93024a61e106224"
  },
  "workspace": {
    "dependencies": [
      "jsr:@hoshimei/hoshimi-types@2.15.1",
      "jsr:@oak/oak@^17.2.0",
      "jsr:@std/crypto@*",
      "jsr:@std/encoding@*",
      "npm:@sentry/deno@10.32.1",
      "npm:lodash@4.17.21"
    ]
  }
}
